
Microsoft Visual Studio Solution File, Format Version 12.00
# Visual Studio Version 17
VisualStudioVersion = 17.3.32804.467
MinimumVisualStudioVersion = 10.0.40219.1
Project("{FAE04EC0-301F-11D3-BF4B-00C04F79EFBC}") = "ProjetoEixo4_API", "ProjetoEixo4_API\ProjetoEixo4_API.csproj", "{AF51DBC7-8ACE-448D-AFEB-26DDC1D5C07A}"
EndProject
Global
	GlobalSection(SolutionConfigurationPlatforms) = preSolution
		Debug|Any CPU = Debug|Any CPU
		Release|Any CPU = Release|Any CPU
	EndGlobalSection
	GlobalSection(ProjectConfigurationPlatforms) = postSolution
		{AF51DBC7-8ACE-448D-AFEB-26DDC1D5C07A}.Debug|Any CPU.ActiveCfg = Debug|Any CPU
		{AF51DBC7-8ACE-448D-AFEB-26DDC1D5C07A}.Debug|Any CPU.Build.0 = Debug|Any CPU
		{AF51DBC7-8ACE-448D-AFEB-26DDC1D5C07A}.Release|Any CPU.ActiveCfg = Release|Any CPU
		{AF51DBC7-8ACE-448D-AFEB-26DDC1D5C07A}.Release|Any CPU.Build.0 = Release|Any CPU
	EndGlobalSection
	GlobalSection(SolutionProperties) = preSolution
		HideSolutionNode = FALSE
	EndGlobalSection
	GlobalSection(ExtensibilityGlobals) = postSolution
		SolutionGuid = {AC490D55-10BB-4880-9ED2-EC41487BA3B0}
	EndGlobalSection
EndGlobal
